
Microsoft Visual Studio Solution File, Format Version 12.00
# 17
VisualStudioVersion = 17.11.35222.181
MinimumVisualStudioVersion = 10.0.40219.1
Project("{FAE04EC0-301F-11D3-BF4B-00C04F79EFBC}") = "V77ApplicationWebApi.Web", "V77ApplicationWebApi.Web\V77ApplicationWebApi.Web.csproj", "{82514F7B-D9DE-40D7-93C9-E363BC84E7AD}"
EndProject
Project("{2150E333-8FDC-42A3-9474-1A3956D46DE8}") = "Solution Items", "Solution Items", "{E018E7C4-197B-4F6B-803A-28CC4FD7A906}"
	ProjectSection(SolutionItems) = preProject
		.editorconfig = .editorconfig
		README.md = README.md
	EndProjectSection
EndProject
Project("{FAE04EC0-301F-11D3-BF4B-00C04F79EFBC}") = "V77ApplicationWebApi.Core", "V77ApplicationWebApi.Core\V77ApplicationWebApi.Core.csproj", "{C9ABA427-5126-40C2-BF9A-90366DD64C29}"
EndProject
Project("{FAE04EC0-301F-11D3-BF4B-00C04F79EFBC}") = "V77ApplicationWebApi.Infrastructure", "V77ApplicationWebApi.Infrastructure\V77ApplicationWebApi.Infrastructure.csproj", "{67FD19AA-80F9-4489-83E6-947E6CEEEB03}"
EndProject
Project("{FAE04EC0-301F-11D3-BF4B-00C04F79EFBC}") = "V77ApplicationWebApi.Web.UnitTests", "V77ApplicationWebApi.Web.UnitTests\V77ApplicationWebApi.Web.UnitTests.csproj", "{2584F8CF-F871-4BB2-A24E-4BA63CF272FE}"
EndProject
Project("{FAE04EC0-301F-11D3-BF4B-00C04F79EFBC}") = "V77ApplicationWebApi.Infrastructure.UnitTests", "V77ApplicationWebApi.Infrastructure.UnitTests\V77ApplicationWebApi.Infrastructure.UnitTests.csproj", "{4DF28982-4D5E-4E52-9C5A-D1B2129EF3FC}"
EndProject
Project("{FAE04EC0-301F-11D3-BF4B-00C04F79EFBC}") = "V77ApplicationWebApi.Core.UnitTests", "V77ApplicationWebApi.Core.UnitTests\V77ApplicationWebApi.Core.UnitTests.csproj", "{FCD3C61C-C2B9-47B5-B55F-2FB379CC5F41}"
EndProject
Global
	GlobalSection(SolutionConfigurationPlatforms) = preSolution
		Debug|Any CPU = Debug|Any CPU
		Release|Any CPU = Release|Any CPU
	EndGlobalSection
	GlobalSection(ProjectConfigurationPlatforms) = postSolution
		{82514F7B-D9DE-40D7-93C9-E363BC84E7AD}.Debug|Any CPU.ActiveCfg = Debug|Any CPU
		{82514F7B-D9DE-40D7-93C9-E363BC84E7AD}.Debug|Any CPU.Build.0 = Debug|Any CPU
		{82514F7B-D9DE-40D7-93C9-E363BC84E7AD}.Release|Any CPU.ActiveCfg = Release|Any CPU
		{82514F7B-D9DE-40D7-93C9-E363BC84E7AD}.Release|Any CPU.Build.0 = Release|Any CPU
		{C9ABA427-5126-40C2-BF9A-90366DD64C29}.Debug|Any CPU.ActiveCfg = Debug|Any CPU
		{C9ABA427-5126-40C2-BF9A-90366DD64C29}.Debug|Any CPU.Build.0 = Debug|Any CPU
		{C9ABA427-5126-40C2-BF9A-90366DD64C29}.Release|Any CPU.ActiveCfg = Release|Any CPU
		{C9ABA427-5126-40C2-BF9A-90366DD64C29}.Release|Any CPU.Build.0 = Release|Any CPU
		{67FD19AA-80F9-4489-83E6-947E6CEEEB03}.Debug|Any CPU.ActiveCfg = Debug|Any CPU
		{67FD19AA-80F9-4489-83E6-947E6CEEEB03}.Debug|Any CPU.Build.0 = Debug|Any CPU
		{67FD19AA-80F9-4489-83E6-947E6CEEEB03}.Release|Any CPU.ActiveCfg = Release|Any CPU
		{67FD19AA-80F9-4489-83E6-947E6CEEEB03}.Release|Any CPU.Build.0 = Release|Any CPU
		{2584F8CF-F871-4BB2-A24E-4BA63CF272FE}.Debug|Any CPU.ActiveCfg = Debug|Any CPU
		{2584F8CF-F871-4BB2-A24E-4BA63CF272FE}.Debug|Any CPU.Build.0 = Debug|Any CPU
		{2584F8CF-F871-4BB2-A24E-4BA63CF272FE}.Release|Any CPU.ActiveCfg = Release|Any CPU
		{2584F8CF-F871-4BB2-A24E-4BA63CF272FE}.Release|Any CPU.Build.0 = Release|Any CPU
		{4DF28982-4D5E-4E52-9C5A-D1B2129EF3FC}.Debug|Any CPU.ActiveCfg = Debug|Any CPU
		{4DF28982-4D5E-4E52-9C5A-D1B2129EF3FC}.Debug|Any CPU.Build.0 = Debug|Any CPU
		{4DF28982-4D5E-4E52-9C5A-D1B2129EF3FC}.Release|Any CPU.ActiveCfg = Release|Any CPU
		{4DF28982-4D5E-4E52-9C5A-D1B2129EF3FC}.Release|Any CPU.Build.0 = Release|Any CPU
		{FCD3C61C-C2B9-47B5-B55F-2FB379CC5F41}.Debug|Any CPU.ActiveCfg = Debug|Any CPU
		{FCD3C61C-C2B9-47B5-B55F-2FB379CC5F41}.Debug|Any CPU.Build.0 = Debug|Any CPU
		{FCD3C61C-C2B9-47B5-B55F-2FB379CC5F41}.Release|Any CPU.ActiveCfg = Release|Any CPU
		{FCD3C61C-C2B9-47B5-B55F-2FB379CC5F41}.Release|Any CPU.Build.0 = Release|Any CPU
	EndGlobalSection
	GlobalSection(SolutionProperties) = preSolution
		HideSolutionNode = FALSE
	EndGlobalSection
	GlobalSection(ExtensibilityGlobals) = postSolution
		SolutionGuid = {16A0FDB6-34A9-497C-B7F6-B34CB1FBB1AE}
	EndGlobalSection
EndGlobal
